
Microsoft Visual Studio Solution File, Format Version 12.00
# Visual Studio 15
VisualStudioVersion = 15.0.27130.2027
MinimumVisualStudioVersion = 10.0.40219.1
Project("{FAE04EC0-301F-11D3-BF4B-00C04F79EFBC}") = "MySQLClient", "MySQLClient\MySQLClient.csproj", "{66D27A5B-1E07-4546-AC34-239BB81894A4}"
EndProject
Project("{FAE04EC0-301F-11D3-BF4B-00C04F79EFBC}") = "ClientTest", "ClientTest\ClientTest.csproj", "{3A76DE15-259E-4E4C-90D4-9BD74AB17178}"
EndProject
Global
	GlobalSection(Performance) = preSolution
		HasPerformanceSessions = true
	EndGlobalSection
	GlobalSection(SolutionConfigurationPlatforms) = preSolution
		Debug|Any CPU = Debug|Any CPU
		Release|Any CPU = Release|Any CPU
	EndGlobalSection
	GlobalSection(ProjectConfigurationPlatforms) = postSolution
		{66D27A5B-1E07-4546-AC34-239BB81894A4}.Debug|Any CPU.ActiveCfg = Debug|Any CPU
		{66D27A5B-1E07-4546-AC34-239BB81894A4}.Debug|Any CPU.Build.0 = Debug|Any CPU
		{66D27A5B-1E07-4546-AC34-239BB81894A4}.Release|Any CPU.ActiveCfg = Release|Any CPU
		{66D27A5B-1E07-4546-AC34-239BB81894A4}.Release|Any CPU.Build.0 = Release|Any CPU
		{3A76DE15-259E-4E4C-90D4-9BD74AB17178}.Debug|Any CPU.ActiveCfg = Debug|Any CPU
		{3A76DE15-259E-4E4C-90D4-9BD74AB17178}.Debug|Any CPU.Build.0 = Debug|Any CPU
		{3A76DE15-259E-4E4C-90D4-9BD74AB17178}.Release|Any CPU.ActiveCfg = Release|Any CPU
		{3A76DE15-259E-4E4C-90D4-9BD74AB17178}.Release|Any CPU.Build.0 = Release|Any CPU
	EndGlobalSection
	GlobalSection(SolutionProperties) = preSolution
		HideSolutionNode = FALSE
	EndGlobalSection
	GlobalSection(ExtensibilityGlobals) = postSolution
		SolutionGuid = {703A277F-4D4D-4D59-87F8-25D89C3654FA}
	EndGlobalSection
	GlobalSection(Performance) = preSolution
		HasPerformanceSessions = true
	EndGlobalSection
	GlobalSection(Performance) = preSolution
		HasPerformanceSessions = true
	EndGlobalSection
EndGlobal
